
Microsoft Visual Studio Solution File, Format Version 12.00
# Visual Studio Version 16
VisualStudioVersion = 16.0.33927.289
MinimumVisualStudioVersion = 10.0.40219.1
Project("{FAE04EC0-301F-11D3-BF4B-00C04F79EFBC}") = "Tyuiu.IvanovJD.Sprint5.TaskReview.V18", "Tyuiu.IvanovJD.Sprint5.TaskReview.V18\Tyuiu.IvanovJD.Sprint5.TaskReview.V18.csproj", "{4C8F5D2B-F54A-49A4-9260-006818B07C37}"
EndProject
Project("{FAE04EC0-301F-11D3-BF4B-00C04F79EFBC}") = "Tyuiu.IvanovJD.Sprint5.TaskReview.V18.Lib", "Tyuiu.IvanovJD.Sprint5.TaskReview.V18.Lib\Tyuiu.IvanovJD.Sprint5.TaskReview.V18.Lib.csproj", "{00106D57-5442-47DA-9BA5-397068CDFC48}"
EndProject
Project("{FAE04EC0-301F-11D3-BF4B-00C04F79EFBC}") = "Tyuiu.IvanovJD.Sprint5.TaskReview.V18.Test", "Tyuiu.IvanovJD.Sprint5.TaskReview.V18.Test\Tyuiu.IvanovJD.Sprint5.TaskReview.V18.Test.csproj", "{8E63462B-40AA-49F3-B095-F560F5AF0319}"
EndProject
Global
	GlobalSection(SolutionConfigurationPlatforms) = preSolution
		Debug|Any CPU = Debug|Any CPU
		Release|Any CPU = Release|Any CPU
	EndGlobalSection
	GlobalSection(ProjectConfigurationPlatforms) = postSolution
		{4C8F5D2B-F54A-49A4-9260-006818B07C37}.Debug|Any CPU.ActiveCfg = Debug|Any CPU
		{4C8F5D2B-F54A-49A4-9260-006818B07C37}.Debug|Any CPU.Build.0 = Debug|Any CPU
		{4C8F5D2B-F54A-49A4-9260-006818B07C37}.Release|Any CPU.ActiveCfg = Release|Any CPU
		{4C8F5D2B-F54A-49A4-9260-006818B07C37}.Release|Any CPU.Build.0 = Release|Any CPU
		{00106D57-5442-47DA-9BA5-397068CDFC48}.Debug|Any CPU.ActiveCfg = Debug|Any CPU
		{00106D57-5442-47DA-9BA5-397068CDFC48}.Debug|Any CPU.Build.0 = Debug|Any CPU
		{00106D57-5442-47DA-9BA5-397068CDFC48}.Release|Any CPU.ActiveCfg = Release|Any CPU
		{00106D57-5442-47DA-9BA5-397068CDFC48}.Release|Any CPU.Build.0 = Release|Any CPU
		{8E63462B-40AA-49F3-B095-F560F5AF0319}.Debug|Any CPU.ActiveCfg = Debug|Any CPU
		{8E63462B-40AA-49F3-B095-F560F5AF0319}.Debug|Any CPU.Build.0 = Debug|Any CPU
		{8E63462B-40AA-49F3-B095-F560F5AF0319}.Release|Any CPU.ActiveCfg = Release|Any CPU
		{8E63462B-40AA-49F3-B095-F560F5AF0319}.Release|Any CPU.Build.0 = Release|Any CPU
	EndGlobalSection
	GlobalSection(SolutionProperties) = preSolution
		HideSolutionNode = FALSE
	EndGlobalSection
	GlobalSection(ExtensibilityGlobals) = postSolution
		SolutionGuid = {57C0F806-54CD-4A45-8580-093CBDD710B3}
	EndGlobalSection
EndGlobal
